Microsoft Visual Studio Solution File, Format Version 12.00
# Visual Studio Version 17
VisualStudioVersion = 17.5.2.0
MinimumVisualStudioVersion = 10.0.40219.1
Project("{FAE04EC0-301F-11D3-BF4B-00C04F79EFBC}") = "FamilyFinance", "FamilyFinance.csproj", "{2B4E685F-5810-93D6-D9FB-C9550FB1F3C1}"
EndProject
Global
	GlobalSection(SolutionConfigurationPlatforms) = preSolution
		Debug|Any CPU = Debug|Any CPU
		Release|Any CPU = Release|Any CPU
	EndGlobalSection
	GlobalSection(ProjectConfigurationPlatforms) = postSolution
		{2B4E685F-5810-93D6-D9FB-C9550FB1F3C1}.Debug|Any CPU.ActiveCfg = Debug|Any CPU
		{2B4E685F-5810-93D6-D9FB-C9550FB1F3C1}.Debug|Any CPU.Build.0 = Debug|Any CPU
		{2B4E685F-5810-93D6-D9FB-C9550FB1F3C1}.Release|Any CPU.ActiveCfg = Release|Any CPU
		{2B4E685F-5810-93D6-D9FB-C9550FB1F3C1}.Release|Any CPU.Build.0 = Release|Any CPU
	EndGlobalSection
	GlobalSection(SolutionProperties) = preSolution
		HideSolutionNode = FALSE
	EndGlobalSection
	GlobalSection(ExtensibilityGlobals) = postSolution
		SolutionGuid = {6F4A9176-F9AE-45F0-8C9B-6248E8E595F9}
	EndGlobalSection
EndGlobal
